
Microsoft Visual Studio Solution File, Format Version 12.00
# Visual Studio Version 17
VisualStudioVersion = 17.0.32002.185
MinimumVisualStudioVersion = 10.0.40219.1
Project("{FAE04EC0-301F-11D3-BF4B-00C04F79EFBC}") = "ApiTeste", "ApiTeste\ApiTeste.csproj", "{1E6E4C64-7E7D-46BB-8B86-CE929FBFF90E}"
EndProject
Global
	GlobalSection(SolutionConfigurationPlatforms) = preSolution
		Debug|Any CPU = Debug|Any CPU
		Release|Any CPU = Release|Any CPU
	EndGlobalSection
	GlobalSection(ProjectConfigurationPlatforms) = postSolution
		{1E6E4C64-7E7D-46BB-8B86-CE929FBFF90E}.Debug|Any CPU.ActiveCfg = Debug|Any CPU
		{1E6E4C64-7E7D-46BB-8B86-CE929FBFF90E}.Debug|Any CPU.Build.0 = Debug|Any CPU
		{1E6E4C64-7E7D-46BB-8B86-CE929FBFF90E}.Release|Any CPU.ActiveCfg = Release|Any CPU
		{1E6E4C64-7E7D-46BB-8B86-CE929FBFF90E}.Release|Any CPU.Build.0 = Release|Any CPU
	EndGlobalSection
	GlobalSection(SolutionProperties) = preSolution
		HideSolutionNode = FALSE
	EndGlobalSection
	GlobalSection(ExtensibilityGlobals) = postSolution
		SolutionGuid = {9314F810-F9EC-416C-AFA5-55A669DE946B}
	EndGlobalSection
EndGlobal
